
Microsoft Visual Studio Solution File, Format Version 12.00
# Visual Studio Version 17
VisualStudioVersion = 17.1.32210.238
MinimumVisualStudioVersion = 10.0.40219.1
Project("{9A19103F-16F7-4668-BE54-9A1E7A4F7556}") = "Allegiance.Blazor.Highcharts.Core", "Allegiance.Blazor.Highcharts.Core.csproj", "{8FDFC830-7312-4E72-848D-5460BD608748}"
EndProject
Project("{9A19103F-16F7-4668-BE54-9A1E7A4F7556}") = "Allegiance.Blazor.Highcharts.ClientSide", "..\..\samples\Allegiance.Blazor.Highcharts.ClientSide\Allegiance.Blazor.Highcharts.ClientSide.csproj", "{64AE55B6-FDEA-4998-A4AE-43603B9DD212}"
EndProject
Global
	GlobalSection(SolutionConfigurationPlatforms) = preSolution
		Debug|Any CPU = Debug|Any CPU
		Release|Any CPU = Release|Any CPU
	EndGlobalSection
	GlobalSection(ProjectConfigurationPlatforms) = postSolution
		{8FDFC830-7312-4E72-848D-5460BD608748}.Debug|Any CPU.ActiveCfg = Debug|Any CPU
		{8FDFC830-7312-4E72-848D-5460BD608748}.Debug|Any CPU.Build.0 = Debug|Any CPU
		{8FDFC830-7312-4E72-848D-5460BD608748}.Release|Any CPU.ActiveCfg = Release|Any CPU
		{8FDFC830-7312-4E72-848D-5460BD608748}.Release|Any CPU.Build.0 = Release|Any CPU
		{64AE55B6-FDEA-4998-A4AE-43603B9DD212}.Debug|Any CPU.ActiveCfg = Debug|Any CPU
		{64AE55B6-FDEA-4998-A4AE-43603B9DD212}.Debug|Any CPU.Build.0 = Debug|Any CPU
		{64AE55B6-FDEA-4998-A4AE-43603B9DD212}.Release|Any CPU.ActiveCfg = Release|Any CPU
		{64AE55B6-FDEA-4998-A4AE-43603B9DD212}.Release|Any CPU.Build.0 = Release|Any CPU
	EndGlobalSection
	GlobalSection(SolutionProperties) = preSolution
		HideSolutionNode = FALSE
	EndGlobalSection
	GlobalSection(ExtensibilityGlobals) = postSolution
		SolutionGuid = {2C1B2957-915D-4651-B74D-3B5EC30705C2}
	EndGlobalSection
EndGlobal
